// !$*UTF8*$!
{
	archiveVersion = 1;
	classes = {
	};
	objectVersion = 55;
	objects = {

/* Begin PBXBuildFile section */
		39BA65D3281BB7F50098D951 /* AppDelegate.swift in Sources */ = {isa = PBXBuildFile; fileRef = 39BA65D2281BB7F50098D951 /* AppDelegate.swift */; };
		39BA65D5281BB7F50098D951 /* SceneDelegate.swift in Sources */ = {isa = PBXBuildFile; fileRef = 39BA65D4281BB7F50098D951 /* SceneDelegate.swift */; };
		39BA65D7281BB7F50098D951 /* ViewController.swift in Sources */ = {isa = PBXBuildFile; fileRef = 39BA65D6281BB7F50098D951 /* ViewController.swift */; };
		39BA65DA281BB7F50098D951 /* Main.storyboard in Resources */ = {isa = PBXBuildFile; fileRef = 39BA65D8281BB7F50098D951 /* Main.storyboard */; };
		39BA65DC281BB7F60098D951 /* Assets.xcassets in Resources */ = {isa = PBXBuildFile; fileRef = 39BA65DB281BB7F60098D951 /* Assets.xcassets */; };
		39BA65DF281BB7F60098D951 /* LaunchScreen.storyboard in Resources */ = {isa = PBXBuildFile; fileRef = 39BA65DD281BB7F60098D951 /* LaunchScreen.storyboard */; };
		39BA65E7281C30530098D951 /* GuidesViewController.swift in Sources */ = {isa = PBXBuildFile; fileRef = 39BA65E6281C30530098D951 /* GuidesViewController.swift */; };
		39BA65E9281C4C910098D951 /* ChosenGuidesViewController.swift in Sources */ = {isa = PBXBuildFile; fileRef = 39BA65E8281C4C910098D951 /* ChosenGuidesViewController.swift */; };
		39BA65EB281C82580098D951 /* ChosenLevelViewController.swift in Sources */ = {isa = PBXBuildFile; fileRef = 39BA65EA281C82580098D951 /* ChosenLevelViewController.swift */; };
/* End PBXBuildFile section */

/* Begin PBXFileReference section */
		39BA65CF281BB7F50098D951 /* Rework.app */ = {isa = PBXFileReference; explicitFileType = wrapper.application; includeInIndex = 0; path = Rework.app; sourceTree = BUILT_PRODUCTS_DIR; };
		39BA65D2281BB7F50098D951 /* AppDelegate.swift */ = {isa = PBXFileReference; lastKnownFileType = sourcecode.swift; path = AppDelegate.swift; sourceTree = "<group>"; };
		39BA65D4281BB7F50098D951 /* SceneDelegate.swift */ = {isa = PBXFileReference; lastKnownFileType = sourcecode.swift; path = SceneDelegate.swift; sourceTree = "<group>"; };
		39BA65D6281BB7F50098D951 /* ViewController.swift */ = {isa = PBXFileReference; lastKnownFileType = sourcecode.swift; path = ViewController.swift; sourceTree = "<group>"; };
		39BA65D9281BB7F50098D951 /* Base */ = {isa = PBXFileReference; lastKnownFileType = file.storyboard; name = Base; path = Base.lproj/Main.storyboard; sourceTree = "<group>"; };
		39BA65DB281BB7F60098D951 /* Assets.xcassets */ = {isa = PBXFileReference; lastKnownFileType = folder.assetcatalog; path = Assets.xcassets; sourceTree = "<group>"; };
		39BA65DE281BB7F60098D951 /* Base */ = {isa = PBXFileReference; lastKnownFileType = file.storyboard; name = Base; path = Base.lproj/LaunchScreen.storyboard; sourceTree = "<group>"; };
		39BA65E0281BB7F60098D951 /* Info.plist */ = {isa = PBXFileReference; lastKnownFileType = text.plist.xml; path = Info.plist; sourceTree = "<group>"; };
		39BA65E6281C30530098D951 /* GuidesViewController.swift */ = {isa = PBXFileReference; lastKnownFileType = sourcecode.swift; path = GuidesViewController.swift; sourceTree = "<group>"; };
		39BA65E8281C4C910098D951 /* ChosenGuidesViewController.swift */ = {isa = PBXFileReference; lastKnownFileType = sourcecode.swift; path = ChosenGuidesViewController.swift; sourceTree = "<group>"; };
		39BA65EA281C82580098D951 /* ChosenLevelViewController.swift */ = {isa = PBXFileReference; lastKnownFileType = sourcecode.swift; path = ChosenLevelViewController.swift; sourceTree = "<group>"; };
/* End PBXFileReference section */

/* Begin PBXFrameworksBuildPhase section */
		39BA65CC281BB7F50098D951 /* Frameworks */ = {
			isa = PBXFrameworksBuildPhase;
			buildActionMask = 2147483647;
			files = (
			);
			runOnlyForDeploymentPostprocessing = 0;
		};
/* End PBXFrameworksBuildPhase section */

/* Begin PBXGroup section */
		39BA65C6281BB7F50098D951 = {
			isa = PBXGroup;
			children = (
				39BA65D1281BB7F50098D951 /* Rework */,
				39BA65D0281BB7F50098D951 /* Products */,
			);
			sourceTree = "<group>";
		};
		39BA65D0281BB7F50098D951 /* Products */ = {
			isa = PBXGroup;
			children = (
				39BA65CF281BB7F50098D951 /* Rework.app */,
			);
			name = Products;
			sourceTree = "<group>";
		};
		39BA65D1281BB7F50098D951 /* Rework */ = {
			isa = PBXGroup;
			children = (
				39BA65D2281BB7F50098D951 /* AppDelegate.swift */,
				39BA65D4281BB7F50098D951 /* SceneDelegate.swift */,
				39BA65D6281BB7F50098D951 /* ViewController.swift */,
				39BA65E6281C30530098D951 /* GuidesViewController.swift */,
				39BA65E8281C4C910098D951 /* ChosenGuidesViewController.swift */,
				39BA65EA281C82580098D951 /* ChosenLevelViewController.swift */,
				39BA65D8281BB7F50098D951 /* Main.storyboard */,
				39BA65DB281BB7F60098D951 /* Assets.xcassets */,
				39BA65DD281BB7F60098D951 /* LaunchScreen.storyboard */,
				39BA65E0281BB7F60098D951 /* Info.plist */,
			);
			path = Rework;
			sourceTree = "<group>";
		};
/* End PBXGroup section */

/* Begin PBXNativeTarget section */
		39BA65CE281BB7F50098D951 /* Rework */ = {
			isa = PBXNativeTarget;
			buildConfigurationList = 39BA65E3281BB7F60098D951 /* Build configuration list for PBXNativeTarget "Rework" */;
			buildPhases = (
				39BA65CB281BB7F50098D951 /* Sources */,
				39BA65CC281BB7F50098D951 /* Frameworks */,
				39BA65CD281BB7F50098D951 /* Resources */,
			);
			buildRules = (
			);
			dependencies = (
			);
			name = Rework;
			productName = Rework;
			productReference = 39BA65CF281BB7F50098D951 /* Rework.app */;
			productType = "com.apple.product-type.application";
		};
/* End PBXNativeTarget section */

/* Begin PBXProject section */
		39BA65C7281BB7F50098D951 /* Project object */ = {
			isa = PBXProject;
			attributes = {
				BuildIndependentTargetsInParallel = 1;
				LastSwiftUpdateCheck = 1320;
				LastUpgradeCheck = 1320;
				TargetAttributes = {
					39BA65CE281BB7F50098D951 = {
						CreatedOnToolsVersion = 13.2.1;
					};
				};
			};
			buildConfigurationList = 39BA65CA281BB7F50098D951 /* Build configuration list for PBXProject "Rework" */;
			compatibilityVersion = "Xcode 13.0";
			developmentRegion = en;
			hasScannedForEncodings = 0;
			knownRegions = (
				en,
				Base,
			);
			mainGroup = 39BA65C6281BB7F50098D951;
			productRefGroup = 39BA65D0281BB7F50098D951 /* Products */;
			projectDirPath = "";
			projectRoot = "";
			targets = (
				39BA65CE281BB7F50098D951 /* Rework */,
			);
		};
/* End PBXProject section */

/* Begin PBXResourcesBuildPhase section */
		39BA65CD281BB7F50098D951 /* Resources */ = {
			isa = PBXResourcesBuildPhase;
			buildActionMask = 2147483647;
			files = (
				39BA65DF281BB7F60098D951 /* LaunchScreen.storyboard in Resources */,
				39BA65DC281BB7F60098D951 /* Assets.xcassets in Resources */,
				39BA65DA281BB7F50098D951 /* Main.storyboard in Resources */,
			);
			runOnlyForDeploymentPostprocessing = 0;
		};
/* End PBXResourcesBuildPhase section */

/* Begin PBXSourcesBuildPhase section */
		39BA65CB281BB7F50098D951 /* Sources */ = {
			isa = PBXSourcesBuildPhase;
			buildActionMask = 2147483647;
			files = (
				39BA65D7281BB7F50098D951 /* ViewController.swift in Sources */,
				39BA65E7281C30530098D951 /* GuidesViewController.swift in Sources */,
				39BA65D3281BB7F50098D951 /* AppDelegate.swift in Sources */,
				39BA65D5281BB7F50098D951 /* SceneDelegate.swift in Sources */,
				39BA65E9281C4C910098D951 /* ChosenGuidesViewController.swift in Sources */,
				39BA65EB281C82580098D951 /* ChosenLevelViewController.swift in Sources */,
			);
			runOnlyForDeploymentPostprocessing = 0;
		};
/* End PBXSourcesBuildPhase section */

/* Begin PBXVariantGroup section */
		39BA65D8281BB7F50098D951 /* Main.storyboard */ = {
			isa = PBXVariantGroup;
			children = (
				39BA65D9281BB7F50098D951 /* Base */,
			);
			name = Main.storyboard;
			sourceTree = "<group>";
		};
		39BA65DD281BB7F60098D951 /* LaunchScreen.storyboard */ = {
			isa = PBXVariantGroup;
			children = (
				39BA65DE281BB7F60098D951 /* Base */,
			);
			name = LaunchScreen.storyboard;
			sourceTree = "<group>";
		};
/* End PBXVariantGroup section */

/* Begin XCBuildConfiguration section */
		39BA65E1281BB7F60098D951 /* Debug */ = {
			isa = XCBuildConfiguration;
			buildSettings = {
				ALWAYS_SEARCH_USER_PATHS = NO;
				CLANG_ANALYZER_NONNULL = YES;
				CLANG_ANALYZER_NUMBER_OBJECT_CONVERSION = YES_AGGRESSIVE;
				CLANG_CXX_LANGUAGE_STANDARD = "gnu++17";
				CLANG_CXX_LIBRARY = "libc++";
				CLANG_ENABLE_MODULES = YES;
				CLANG_ENABLE_OBJC_ARC = YES;
				CLANG_ENABLE_OBJC_WEAK = YES;
				CLANG_WARN_BLOCK_CAPTURE_AUTORELEASING = YES;
				CLANG_WARN_BOOL_CONVERSION = YES;
				CLANG_WARN_COMMA = YES;
				CLANG_WARN_CONSTANT_CONVERSION = YES;
				CLANG_WARN_DEPRECATED_OBJC_IMPLEMENTATIONS = YES;
				CLANG_WARN_DIRECT_OBJC_ISA_USAGE = YES_ERROR;
				CLANG_WARN_DOCUMENTATION_COMMENTS = YES;
				CLANG_WARN_EMPTY_BODY = YES;
				CLANG_WARN_ENUM_CONVERSION = YES;
				CLANG_WARN_INFINITE_RECURSION = YES;
				CLANG_WARN_INT_CONVERSION = YES;
				CLANG_WARN_NON_LITERAL_NULL_CONVERSION = YES;
				CLANG_WARN_OBJC_IMPLICIT_RETAIN_SELF = YES;
				CLANG_WARN_OBJC_LITERAL_CONVERSION = YES;
				CLANG_WARN_OBJC_ROOT_CLASS = YES_ERROR;
				CLANG_WARN_QUOTED_INCLUDE_IN_FRAMEWORK_HEADER = YES;
				CLANG_WARN_RANGE_LOOP_ANALYSIS = YES;
				CLANG_WARN_STRICT_PROTOTYPES = YES;
				CLANG_WARN_SUSPICIOUS_MOVE = YES;
				CLANG_WARN_UNGUARDED_AVAILABILITY = YES_AGGRESSIVE;
				CLANG_WARN_UNREACHABLE_CODE = YES;
				CLANG_WARN__DUPLICATE_METHOD_MATCH = YES;
				COPY_PHASE_STRIP = NO;
				DEBUG_INFORMATION_FORMAT = dwarf;
				ENABLE_STRICT_OBJC_MSGSEND = YES;
				ENABLE_TESTABILITY = YES;
				GCC_C_LANGUAGE_STANDARD = gnu11;
				GCC_DYNAMIC_NO_PIC = NO;
				GCC_NO_COMMON_BLOCKS = YES;
				GCC_OPTIMIZATION_LEVEL = 0;
				GCC_PREPROCESSOR_DEFINITIONS = (
					"DEBUG=1",
					"$(inherited)",
				);
				GCC_WARN_64_TO_32_BIT_CONVERSION = YES;
				GCC_WARN_ABOUT_RETURN_TYPE = YES_ERROR;
				GCC_WARN_UNDECLARED_SELECTOR = YES;
				GCC_WARN_UNINITIALIZED_AUTOS = YES_AGGRESSIVE;
				GCC_WARN_UNUSED_FUNCTION = YES;
				GCC_WARN_UNUSED_VARIABLE = YES;
				IPHONEOS_DEPLOYMENT_TARGET = 15.2;
				MTL_ENABLE_DEBUG_INFO = INCLUDE_SOURCE;
				MTL_FAST_MATH = YES;
				ONLY_ACTIVE_ARCH = YES;
				SDKROOT = iphoneos;
				SWIFT_ACTIVE_COMPILATION_CONDITIONS = DEBUG;
				SWIFT_OPTIMIZATION_LEVEL = "-Onone";
			};
			name = Debug;
		};
		39BA65E2281BB7F60098D951 /* Release */ = {
			isa = XCBuildConfiguration;
			buildSettings = {
				ALWAYS_SEARCH_USER_PATHS = NO;
				CLANG_ANALYZER_NONNULL = YES;
				CLANG_ANALYZER_NUMBER_OBJECT_CONVERSION = YES_AGGRESSIVE;
				CLANG_CXX_LANGUAGE_STANDARD = "gnu++17";
				CLANG_CXX_LIBRARY = "libc++";
				CLANG_ENABLE_MODULES = YES;
				CLANG_ENABLE_OBJC_ARC = YES;
				CLANG_ENABLE_OBJC_WEAK = YES;
				CLANG_WARN_BLOCK_CAPTURE_AUTORELEASING = YES;
				CLANG_WARN_BOOL_CONVERSION = YES;
				CLANG_WARN_COMMA = YES;
				CLANG_WARN_CONSTANT_CONVERSION = YES;
				CLANG_WARN_DEPRECATED_OBJC_IMPLEMENTATIONS = YES;
				CLANG_WARN_DIRECT_OBJC_ISA_USAGE = YES_ERROR;
				CLANG_WARN_DOCUMENTATION_COMMENTS = YES;
				CLANG_WARN_EMPTY_BODY = YES;
				CLANG_WARN_ENUM_CONVERSION = YES;
				CLANG_WARN_INFINITE_RECURSION = YES;
				CLANG_WARN_INT_CONVERSION = YES;
				CLANG_WARN_NON_LITERAL_NULL_CONVERSION = YES;
				CLANG_WARN_OBJC_IMPLICIT_RETAIN_SELF = YES;
				CLANG_WARN_OBJC_LITERAL_CONVERSION = YES;
				CLANG_WARN_OBJC_ROOT_CLASS = YES_ERROR;
				CLANG_WARN_QUOTED_INCLUDE_IN_FRAMEWORK_HEADER = YES;
				CLANG_WARN_RANGE_LOOP_ANALYSIS = YES;
				CLANG_WARN_STRICT_PROTOTYPES = YES;
				CLANG_WARN_SUSPICIOUS_MOVE = YES;
				CLANG_WARN_UNGUARDED_AVAILABILITY = YES_AGGRESSIVE;
				CLANG_WARN_UNREACHABLE_CODE = YES;
				CLANG_WARN__DUPLICATE_METHOD_MATCH = YES;
				COPY_PHASE_STRIP = NO;
				DEBUG_INFORMATION_FORMAT = "dwarf-with-dsym";
				ENABLE_NS_ASSERTIONS = NO;
				ENABLE_STRICT_OBJC_MSGSEND = YES;
				GCC_C_LANGUAGE_STANDARD = gnu11;
				GCC_NO_COMMON_BLOCKS = YES;
				GCC_WARN_64_TO_32_BIT_CONVERSION = YES;
				GCC_WARN_ABOUT_RETURN_TYPE = YES_ERROR;
				GCC_WARN_UNDECLARED_SELECTOR = YES;
				GCC_WARN_UNINITIALIZED_AUTOS = YES_AGGRESSIVE;
				GCC_WARN_UNUSED_FUNCTION = YES;
				GCC_WARN_UNUSED_VARIABLE = YES;
				IPHONEOS_DEPLOYMENT_TARGET = 15.2;
				MTL_ENABLE_DEBUG_INFO = NO;
				MTL_FAST_MATH = YES;
				SDKROOT = iphoneos;
				SWIFT_COMPILATION_MODE = wholemodule;
				SWIFT_OPTIMIZATION_LEVEL = "-O";
				VALIDATE_PRODUCT = YES;
			};
			name = Release;
		};
		39BA65E4281BB7F60098D951 /* Debug */ = {
			isa = XCBuildConfiguration;
			buildSettings = {
				ASSETCATALOG_COMPILER_APPICON_NAME = AppIcon;
				ASSETCATALOG_COMPILER_GLOBAL_ACCENT_COLOR_NAME = AccentColor;
				CODE_SIGN_STYLE = Automatic;
				CURRENT_PROJECT_VERSION = 1;
				DEVELOPMENT_TEAM = W6UMVQ97QR;
				GENERATE_INFOPLIST_FILE = YES;
				INFOPLIST_FILE = Rework/Info.plist;
				INFOPLIST_KEY_UIApplicationSupportsIndirectInputEvents = YES;
				INFOPLIST_KEY_UILaunchStoryboardName = LaunchScreen;
				INFOPLIST_KEY_UIMainStoryboardFile = Main;
				INFOPLIST_KEY_UISupportedInterfaceOrientations_iPad = "UIInterfaceOrientationPortrait UIInterfaceOrientationPortraitUpsideDown UIInterfaceOrientationLandscapeLeft UIInterfaceOrientationLandscapeRight";
				INFOPLIST_KEY_UISupportedInterfaceOrientations_iPhone = "UIInterfaceOrientationPortrait UIInterfaceOrientationLandscapeLeft UIInterfaceOrientationLandscapeRight";
				LD_RUNPATH_SEARCH_PATHS = (
					"$(inherited)",
					"@executable_path/Frameworks",
				);
				MARKETING_VERSION = 1.0;
				PRODUCT_BUNDLE_IDENTIFIER = NC1.Rework;
				PRODUCT_NAME = "$(TARGET_NAME)";
				SWIFT_EMIT_LOC_STRINGS = YES;
				SWIFT_VERSION = 5.0;
				TARGETED_DEVICE_FAMILY = "1,2";
			};
			name = Debug;
		};
		39BA65E5281BB7F60098D951 /* Release */ = {
			isa = XCBuildConfiguration;
			buildSettings = {
				ASSETCATALOG_COMPILER_APPICON_NAME = AppIcon;
				ASSETCATALOG_COMPILER_GLOBAL_ACCENT_COLOR_NAME = AccentColor;
				CODE_SIGN_STYLE = Automatic;
				CURRENT_PROJECT_VERSION = 1;
				DEVELOPMENT_TEAM = W6UMVQ97QR;
				GENERATE_INFOPLIST_FILE = YES;
				INFOPLIST_FILE = Rework/Info.plist;
				INFOPLIST_KEY_UIApplicationSupportsIndirectInputEvents = YES;
				INFOPLIST_KEY_UILaunchStoryboardName = LaunchScreen;
				INFOPLIST_KEY_UIMainStoryboardFile = Main;
				INFOPLIST_KEY_UISupportedInterfaceOrientations_iPad = "UIInterfaceOrientationPortrait UIInterfaceOrientationPortraitUpsideDown UIInterfaceOrientationLandscapeLeft UIInterfaceOrientationLandscapeRight";
				INFOPLIST_KEY_UISupportedInterfaceOrientations_iPhone = "UIInterfaceOrientationPortrait UIInterfaceOrientationLandscapeLeft UIInterfaceOrientationLandscapeRight";
				LD_RUNPATH_SEARCH_PATHS = (
					"$(inherited)",
					"@executable_path/Frameworks",
				);
				MARKETING_VERSION = 1.0;
				PRODUCT_BUNDLE_IDENTIFIER = NC1.Rework;
				PRODUCT_NAME = "$(TARGET_NAME)";
				SWIFT_EMIT_LOC_STRINGS = YES;
				SWIFT_VERSION = 5.0;
				TARGETED_DEVICE_FAMILY = "1,2";
			};
			name = Release;
		};
/* End XCBuildConfiguration section */

/* Begin XCConfigurationList section */
		39BA65CA281BB7F50098D951 /* Build configuration list for PBXProject "Rework" */ = {
			isa = XCConfigurationList;
			buildConfigurations = (
				39BA65E1281BB7F60098D951 /* Debug */,
				39BA65E2281BB7F60098D951 /* Release */,
			);
			defaultConfigurationIsVisible = 0;
			defaultConfigurationName = Release;
		};
		39BA65E3281BB7F60098D951 /* Build configuration list for PBXNativeTarget "Rework" */ = {
			isa = XCConfigurationList;
			buildConfigurations = (
				39BA65E4281BB7F60098D951 /* Debug */,
				39BA65E5281BB7F60098D951 /* Release */,
			);
			defaultConfigurationIsVisible = 0;
			defaultConfigurationName = Release;
		};
/* End XCConfigurationList section */
	};
	rootObject = 39BA65C7281BB7F50098D951 /* Project object */;
}
